
Microsoft Visual Studio Solution File, Format Version 12.00
# Visual Studio Version 16
VisualStudioVersion = 16.0.29102.190
MinimumVisualStudioVersion = 10.0.40219.1
Project("{FAE04EC0-301F-11D3-BF4B-00C04F79EFBC}") = "ApiGoal", "ApiGoal.csproj", "{432D04BB-54D2-4C5C-A9EA-772692F05B14}"
EndProject
Global
	GlobalSection(SolutionConfigurationPlatforms) = preSolution
		Debug|Any CPU = Debug|Any CPU
		Release|Any CPU = Release|Any CPU
	EndGlobalSection
	GlobalSection(ProjectConfigurationPlatforms) = postSolution
		{432D04BB-54D2-4C5C-A9EA-772692F05B14}.Debug|Any CPU.ActiveCfg = Debug|Any CPU
		{432D04BB-54D2-4C5C-A9EA-772692F05B14}.Debug|Any CPU.Build.0 = Debug|Any CPU
		{432D04BB-54D2-4C5C-A9EA-772692F05B14}.Release|Any CPU.ActiveCfg = Release|Any CPU
		{432D04BB-54D2-4C5C-A9EA-772692F05B14}.Release|Any CPU.Build.0 = Release|Any CPU
	EndGlobalSection
	GlobalSection(SolutionProperties) = preSolution
		HideSolutionNode = FALSE
	EndGlobalSection
	GlobalSection(ExtensibilityGlobals) = postSolution
		SolutionGuid = {989E9CB0-4BBC-4C72-BFBE-6C50F71399F4}
	EndGlobalSection
EndGlobal
